NeoBundleLock emmet-vim ae7d31f29080ad18073dda3530582dacb18475e6
NeoBundleLock lightline.vim 78b1cc9e715f509a7e9f157e0d7a0e02b7e5125e
NeoBundleLock molokai c67bdfcdb31415aa0ade7f8c003261700a885476
NeoBundleLock neobundle.vim 50fe88bed7902d9320aa381f559a594dffeeabf3
NeoBundleLock neocomplete 5f3e213c629b7fe1aa3723bf56fe3ead5555a526
NeoBundleLock nerdtree 67fa9b3116948466234978aa6287649f98e666bd
NeoBundleLock unite.vim 50fe88bed7902d9320aa381f559a594dffeeabf3
NeoBundleLock vim-easymotion 85e90c9759e14633d878ed534ef313876ab96555
NeoBundleLock vim-json 3727f089410e23ae113be6222e8a08dd2613ecf2
NeoBundleLock vimproc.vim 50fe88bed7902d9320aa381f559a594dffeeabf3
