NeoBundleLock emmet-vim 466cad0e2bc557ef39c0ec50aa45c99042df0c3d
NeoBundleLock lightline.vim e6f282f5e9ae931f0b404dd15aab2e5e249ae092
NeoBundleLock molokai c67bdfcdb31415aa0ade7f8c003261700a885476
NeoBundleLock neobundle.vim 1306c131ff0a6cc094b7ff0727350e442b5427f1
NeoBundleLock neocomplete.vim 5f3e213c629b7fe1aa3723bf56fe3ead5555a526
NeoBundleLock nerdtree 82b1649f2e1c79ff17730fe0a3750bbec203dd29
NeoBundleLock unite.vim 5addeca429f64130d74d2f7cb8255afdb9e309d2
