NeoBundleLock emmet-vim 71d0c93a423d27588bdcae5240376c87db50e7c5
NeoBundleLock neobundle.vim c37a56100afde3ea5b06031735bb5c8e9fc7db3e
NeoBundleLock neocomplete aaa1f08b06bfcc2a329dba12a37ce8e1578636bd
NeoBundleLock nerdtree 71d0c93a423d27588bdcae5240376c87db50e7c5
NeoBundleLock unite.vim 89bf56780e28fd6a97804f2abf271ae2db18c44e
NeoBundleLock vim-easymotion 71d0c93a423d27588bdcae5240376c87db50e7c5
NeoBundleLock vimproc.vim c286dcbdfca9e0ee1a4cb90f09c3f03638112f5a
